
Microsoft Visual Studio Solution File, Format Version 12.00
# Visual Studio Version 17
VisualStudioVersion = 17.4.33205.214
MinimumVisualStudioVersion = 10.0.40219.1
Project("{FAE04EC0-301F-11D3-BF4B-00C04F79EFBC}") = "SchoolHecker-DriveMaker", "SchoolHecker-DriveMaker\SchoolHecker-DriveMaker.csproj", "{84B86B48-3E00-42CB-8F35-D8619D93DE98}"
EndProject
Global
	GlobalSection(SolutionConfigurationPlatforms) = preSolution
		Debug|Any CPU = Debug|Any CPU
		Release|Any CPU = Release|Any CPU
	EndGlobalSection
	GlobalSection(ProjectConfigurationPlatforms) = postSolution
		{84B86B48-3E00-42CB-8F35-D8619D93DE98}.Debug|Any CPU.ActiveCfg = Debug|Any CPU
		{84B86B48-3E00-42CB-8F35-D8619D93DE98}.Debug|Any CPU.Build.0 = Debug|Any CPU
		{84B86B48-3E00-42CB-8F35-D8619D93DE98}.Release|Any CPU.ActiveCfg = Release|Any CPU
		{84B86B48-3E00-42CB-8F35-D8619D93DE98}.Release|Any CPU.Build.0 = Release|Any CPU
	EndGlobalSection
	GlobalSection(SolutionProperties) = preSolution
		HideSolutionNode = FALSE
	EndGlobalSection
	GlobalSection(ExtensibilityGlobals) = postSolution
		SolutionGuid = {6BE62380-C1A4-4804-A24B-A76860B35091}
	EndGlobalSection
EndGlobal
